
Microsoft Visual Studio Solution File, Format Version 12.00
# Visual Studio 14
VisualStudioVersion = 14.0.25420.1
MinimumVisualStudioVersion = 10.0.40219.1
Project("{FAE04EC0-301F-11D3-BF4B-00C04F79EFBC}") = "WebServer", "WebServer\WebServer.csproj", "{FFA0F189-C233-417C-BC51-6656DB73B688}"
EndProject
Global
	GlobalSection(SolutionConfigurationPlatforms) = preSolution
		Debug|Any CPU = Debug|Any CPU
		Release|Any CPU = Release|Any CPU
	EndGlobalSection
	GlobalSection(ProjectConfigurationPlatforms) = postSolution
		{FFA0F189-C233-417C-BC51-6656DB73B688}.Debug|Any CPU.ActiveCfg = Debug|Any CPU
		{FFA0F189-C233-417C-BC51-6656DB73B688}.Debug|Any CPU.Build.0 = Debug|Any CPU
		{FFA0F189-C233-417C-BC51-6656DB73B688}.Release|Any CPU.ActiveCfg = Release|Any CPU
		{FFA0F189-C233-417C-BC51-6656DB73B688}.Release|Any CPU.Build.0 = Release|Any CPU
	EndGlobalSection
	GlobalSection(SolutionProperties) = preSolution
		HideSolutionNode = FALSE
	EndGlobalSection
EndGlobal
